Microsoft Visual Studio Solution File, Format Version 8.00
Project("{F184B08F-C81C-45F6-A57F-5ABD9991F28F}") = "ABMACHbase", "ABMACHbase.vbproj", "{48D76613-567E-4E90-924D-8657AEB6B800}"
	ProjectSection(ProjectDependencies) = postProject
	EndProjectSection
EndProject
Global
	GlobalSection(SolutionConfiguration) = preSolution
		Debug = Debug
		Release = Release
	EndGlobalSection
	GlobalSection(ProjectConfiguration) = postSolution
		{48D76613-567E-4E90-924D-8657AEB6B800}.Debug.ActiveCfg = Debug|.NET
		{48D76613-567E-4E90-924D-8657AEB6B800}.Debug.Build.0 = Debug|.NET
		{48D76613-567E-4E90-924D-8657AEB6B800}.Release.ActiveCfg = Release|.NET
		{48D76613-567E-4E90-924D-8657AEB6B800}.Release.Build.0 = Release|.NET
	EndGlobalSection
	GlobalSection(ExtensibilityGlobals) = postSolution
	EndGlobalSection
	GlobalSection(ExtensibilityAddIns) = postSolution
	EndGlobalSection
EndGlobal
